{
  "lockfile_version": "1",
  "packages": {
    "github:NixOS/nixpkgs/nixpkgs-unstable": {
      "last_modified": "2025-05-16T20:19:48Z",
      "resolved": "github:NixOS/nixpkgs/12a55407652e04dcf2309436eb06fef0d3713ef3?lastModified=1747426788&narHash=sha256-N4cp0asTsJCnRMFZ%2Fk19V9akkxb7J%2FopG%2BK%2BjU57JGc%3D"
    },
    "go-task@latest": {
      "last_modified": "2025-05-06T08:06:31Z",
      "resolved": "github:NixOS/nixpkgs/1cb1c02a6b1b7cf67e3d7731cbbf327a53da9679#go-task",
      "source": "devbox-search",
      "version": "3.43.2",
      "systems": {
        "aarch64-darwin": {
          "outputs": [
            {
              "name": "out",
              "path": "/nix/store/80xsbrjmxbb10ba3v44l48fhg9rpdyfj-go-task-3.43.2",
              "default": true
            }
          ],
          "store_path": "/nix/store/80xsbrjmxbb10ba3v44l48fhg9rpdyfj-go-task-3.43.2"
        },
        "aarch64-linux": {
          "outputs": [
            {
              "name": "out",
              "path": "/nix/store/7a1wimm8z159vrb0sx86s39vlwy7nfbz-go-task-3.43.2",
              "default": true
            }
          ],
          "store_path": "/nix/store/7a1wimm8z159vrb0sx86s39vlwy7nfbz-go-task-3.43.2"
        },
        "x86_64-darwin": {
          "outputs": [
            {
              "name": "out",
              "path": "/nix/store/fbc3qggxgabd77rwqc7l4iczyp8ax43j-go-task-3.43.2",
              "default": true
            }
          ],
          "store_path": "/nix/store/fbc3qggxgabd77rwqc7l4iczyp8ax43j-go-task-3.43.2"
        },
        "x86_64-linux": {
          "outputs": [
            {
              "name": "out",
              "path": "/nix/store/pnyim2vhfwqh8bqrbd9vwbhqj1vsx2lx-go-task-3.43.2",
              "default": true
            }
          ],
          "store_path": "/nix/store/pnyim2vhfwqh8bqrbd9vwbhqj1vsx2lx-go-task-3.43.2"
        }
      }
    },
    "meson@latest": {
      "last_modified": "2025-05-06T08:06:31Z",
      "resolved": "github:NixOS/nixpkgs/1cb1c02a6b1b7cf67e3d7731cbbf327a53da9679#meson",
      "source": "devbox-search",
      "version": "1.7.2",
      "systems": {
        "aarch64-darwin": {
          "outputs": [
            {
              "name": "out",
              "path": "/nix/store/nvdcc7al1inamg0mx0gdabfan94n2kf6-meson-1.7.2",
              "default": true
            },
            {
              "name": "dist",
              "path": "/nix/store/bh0v4vh3zx0xmsfmcvyycr4qqia2lhrc-meson-1.7.2-dist"
            }
          ],
          "store_path": "/nix/store/nvdcc7al1inamg0mx0gdabfan94n2kf6-meson-1.7.2"
        },
        "aarch64-linux": {
          "outputs": [
            {
              "name": "out",
              "path": "/nix/store/gls668r0zwqa8ky9sig23v8ky1d47hr1-meson-1.7.2",
              "default": true
            },
            {
              "name": "dist",
              "path": "/nix/store/2n17vzmc5sczb1mm6p5ij4yfqrbd2ssq-meson-1.7.2-dist"
            }
          ],
          "store_path": "/nix/store/gls668r0zwqa8ky9sig23v8ky1d47hr1-meson-1.7.2"
        },
        "x86_64-darwin": {
          "outputs": [
            {
              "name": "out",
              "path": "/nix/store/zgp5ps55ww5ry2kjvnv79i3svr61jf9h-meson-1.7.2",
              "default": true
            },
            {
              "name": "dist",
              "path": "/nix/store/j9jv3syrwzslkwjhr89qhwxsfy5j3jq5-meson-1.7.2-dist"
            }
          ],
          "store_path": "/nix/store/zgp5ps55ww5ry2kjvnv79i3svr61jf9h-meson-1.7.2"
        },
        "x86_64-linux": {
          "outputs": [
            {
              "name": "out",
              "path": "/nix/store/jahn707i1gqvpcjj4aq58cswrwwhgbb5-meson-1.7.2",
              "default": true
            },
            {
              "name": "dist",
              "path": "/nix/store/iabpaxbqq4nvw18g8c0y28j6y7jdfrnn-meson-1.7.2-dist"
            }
          ],
          "store_path": "/nix/store/jahn707i1gqvpcjj4aq58cswrwwhgbb5-meson-1.7.2"
        }
      }
    },
    "qt6.qtbase@latest": {
      "last_modified": "2024-02-24T23:06:34Z",
      "resolved": "github:NixOS/nixpkgs/9a9dae8f6319600fa9aebde37f340975cab4b8c0#qt6.qtbase",
      "source": "devbox-search",
      "version": "6.6.2",
      "systems": {
        "aarch64-darwin": {
          "outputs": [
            {
              "name": "out",
              "path": "/nix/store/wpgysmilc7xgakq3l5zbbh34f9gvzql6-qtbase-6.6.2",
              "default": true
            },
            {
              "name": "dev",
              "path": "/nix/store/al37qcldvng3a2847kl6k6j8f643sniv-qtbase-6.6.2-dev"
            }
          ],
          "store_path": "/nix/store/wpgysmilc7xgakq3l5zbbh34f9gvzql6-qtbase-6.6.2"
        },
        "aarch64-linux": {
          "outputs": [
            {
              "name": "out",
              "path": "/nix/store/ss9ykyb7fn0d55kks4aimwiqw3c3sd39-qtbase-6.6.2",
              "default": true
            },
            {
              "name": "dev",
              "path": "/nix/store/s5qsv8jczmr955kbgv5mg1jrw0qrhal8-qtbase-6.6.2-dev"
            }
          ],
          "store_path": "/nix/store/ss9ykyb7fn0d55kks4aimwiqw3c3sd39-qtbase-6.6.2"
        },
        "x86_64-darwin": {
          "outputs": [
            {
              "name": "out",
              "path": "/nix/store/v3liks1s0ncgz73zi560w01za6j24d6f-qtbase-6.6.2",
              "default": true
            },
            {
              "name": "dev",
              "path": "/nix/store/0bkkydzks87z8jg3gxa9amr2s4zpsccg-qtbase-6.6.2-dev"
            }
          ],
          "store_path": "/nix/store/v3liks1s0ncgz73zi560w01za6j24d6f-qtbase-6.6.2"
        },
        "x86_64-linux": {
          "outputs": [
            {
              "name": "out",
              "path": "/nix/store/gj1wwz0ry8i36kqqb3vjc8dwd50fcs5y-qtbase-6.6.2",
              "default": true
            },
            {
              "name": "dev",
              "path": "/nix/store/s2aq4zfi71bs4w4snfrknj2crpm8cfkr-qtbase-6.6.2-dev"
            }
          ],
          "store_path": "/nix/store/gj1wwz0ry8i36kqqb3vjc8dwd50fcs5y-qtbase-6.6.2"
        }
      }
    },
    "unzip@latest": {
      "last_modified": "2025-05-06T08:06:31Z",
      "resolved": "github:NixOS/nixpkgs/1cb1c02a6b1b7cf67e3d7731cbbf327a53da9679#unzip",
      "source": "devbox-search",
      "version": "6.0",
      "systems": {
        "aarch64-darwin": {
          "outputs": [
            {
              "name": "out",
              "path": "/nix/store/0zsbcfy6ddrmx04d45491mfx82hv6kxs-unzip-6.0",
              "default": true
            }
          ],
          "store_path": "/nix/store/0zsbcfy6ddrmx04d45491mfx82hv6kxs-unzip-6.0"
        },
        "aarch64-linux": {
          "outputs": [
            {
              "name": "out",
              "path": "/nix/store/5zipx9k36camw1r4c2w9s8f1yb1a4c6x-unzip-6.0",
              "default": true
            }
          ],
          "store_path": "/nix/store/5zipx9k36camw1r4c2w9s8f1yb1a4c6x-unzip-6.0"
        },
        "x86_64-darwin": {
          "outputs": [
            {
              "name": "out",
              "path": "/nix/store/kcqpj973qa4qc0im19lsl31rcpawgqri-unzip-6.0",
              "default": true
            }
          ],
          "store_path": "/nix/store/kcqpj973qa4qc0im19lsl31rcpawgqri-unzip-6.0"
        },
        "x86_64-linux": {
          "outputs": [
            {
              "name": "out",
              "path": "/nix/store/3mjlp2cvkxfkirnb2ppqff5yca844jlm-unzip-6.0",
              "default": true
            }
          ],
          "store_path": "/nix/store/3mjlp2cvkxfkirnb2ppqff5yca844jlm-unzip-6.0"
        }
      }
    },
    "uv@latest": {
      "last_modified": "2025-05-12T14:38:58Z",
      "resolved": "github:NixOS/nixpkgs/eaeed9530c76ce5f1d2d8232e08bec5e26f18ec1#uv",
      "source": "devbox-search",
      "version": "0.7.3",
      "systems": {
        "aarch64-darwin": {
          "outputs": [
            {
              "name": "out",
              "path": "/nix/store/mhg8xl8373ywkkq3hv47qp45xyyaz6sb-uv-0.7.3",
              "default": true
            }
          ],
          "store_path": "/nix/store/mhg8xl8373ywkkq3hv47qp45xyyaz6sb-uv-0.7.3"
        },
        "aarch64-linux": {
          "outputs": [
            {
              "name": "out",
              "path": "/nix/store/vgahysp2mzsc3gdfnwhqxf52x6pm320w-uv-0.7.3",
              "default": true
            }
          ],
          "store_path": "/nix/store/vgahysp2mzsc3gdfnwhqxf52x6pm320w-uv-0.7.3"
        },
        "x86_64-darwin": {
          "outputs": [
            {
              "name": "out",
              "path": "/nix/store/6h4qcgb1mvrv31bsmbjg9lb656bbq8g5-uv-0.7.3",
              "default": true
            }
          ],
          "store_path": "/nix/store/6h4qcgb1mvrv31bsmbjg9lb656bbq8g5-uv-0.7.3"
        },
        "x86_64-linux": {
          "outputs": [
            {
              "name": "out",
              "path": "/nix/store/ps81mnrc47b19q9pn9dfadl9pcdcmls0-uv-0.7.3",
              "default": true
            }
          ],
          "store_path": "/nix/store/ps81mnrc47b19q9pn9dfadl9pcdcmls0-uv-0.7.3"
        }
      }
    },
    "vcstool@latest": {
      "last_modified": "2025-05-06T08:06:31Z",
      "resolved": "github:NixOS/nixpkgs/1cb1c02a6b1b7cf67e3d7731cbbf327a53da9679#vcstool",
      "source": "devbox-search",
      "version": "0.3.0",
      "systems": {
        "aarch64-darwin": {
          "outputs": [
            {
              "name": "out",
              "path": "/nix/store/08iin6rnihd1qwsfvrrkclgajbgaql0f-vcstool-0.3.0",
              "default": true
            },
            {
              "name": "dist",
              "path": "/nix/store/ydbvrgysw6ilsn1jz02wlm9688r267fy-vcstool-0.3.0-dist"
            }
          ],
          "store_path": "/nix/store/08iin6rnihd1qwsfvrrkclgajbgaql0f-vcstool-0.3.0"
        },
        "aarch64-linux": {
          "outputs": [
            {
              "name": "out",
              "path": "/nix/store/d1xmvz3vdas2kpf6mb1cv1b7c2ihc8p7-vcstool-0.3.0",
              "default": true
            },
            {
              "name": "dist",
              "path": "/nix/store/98z69zm5mrf5p93p9amk3rr17s63b08p-vcstool-0.3.0-dist"
            }
          ],
          "store_path": "/nix/store/d1xmvz3vdas2kpf6mb1cv1b7c2ihc8p7-vcstool-0.3.0"
        },
        "x86_64-darwin": {
          "outputs": [
            {
              "name": "out",
              "path": "/nix/store/q4j4kwz7jlgsb5vyiqwxwriknaksvm89-vcstool-0.3.0",
              "default": true
            },
            {
              "name": "dist",
              "path": "/nix/store/ayh55xvfizqmhvj2f64yk0b6ayk5q07r-vcstool-0.3.0-dist"
            }
          ],
          "store_path": "/nix/store/q4j4kwz7jlgsb5vyiqwxwriknaksvm89-vcstool-0.3.0"
        },
        "x86_64-linux": {
          "outputs": [
            {
              "name": "out",
              "path": "/nix/store/80qd6i9gg05mkxwkcmbfajs4wqwzc3d5-vcstool-0.3.0",
              "default": true
            },
            {
              "name": "dist",
              "path": "/nix/store/1dicfdxlgv97vq03np1n793ifxksg5am-vcstool-0.3.0-dist"
            }
          ],
          "store_path": "/nix/store/80qd6i9gg05mkxwkcmbfajs4wqwzc3d5-vcstool-0.3.0"
        }
      }
    },
    "wget@latest": {
      "last_modified": "2025-05-06T08:06:31Z",
      "resolved": "github:NixOS/nixpkgs/1cb1c02a6b1b7cf67e3d7731cbbf327a53da9679#wget",
      "source": "devbox-search",
      "version": "1.25.0",
      "systems": {
        "aarch64-darwin": {
          "outputs": [
            {
              "name": "out",
              "path": "/nix/store/67q90x2jla0kkmj1vwg1b3wq8gdz8r9d-wget-1.25.0",
              "default": true
            }
          ],
          "store_path": "/nix/store/67q90x2jla0kkmj1vwg1b3wq8gdz8r9d-wget-1.25.0"
        },
        "aarch64-linux": {
          "outputs": [
            {
              "name": "out",
              "path": "/nix/store/i0k61wbllip3r0p7f6x6ffqjx7k3g61f-wget-1.25.0",
              "default": true
            }
          ],
          "store_path": "/nix/store/i0k61wbllip3r0p7f6x6ffqjx7k3g61f-wget-1.25.0"
        },
        "x86_64-darwin": {
          "outputs": [
            {
              "name": "out",
              "path": "/nix/store/xv575a0kn06wvdlhazmqg4xswxzxlgyh-wget-1.25.0",
              "default": true
            }
          ],
          "store_path": "/nix/store/xv575a0kn06wvdlhazmqg4xswxzxlgyh-wget-1.25.0"
        },
        "x86_64-linux": {
          "outputs": [
            {
              "name": "out",
              "path": "/nix/store/hgixbykc5fwgw3xzz2kv7v9hg31jlisg-wget-1.25.0",
              "default": true
            }
          ],
          "store_path": "/nix/store/hgixbykc5fwgw3xzz2kv7v9hg31jlisg-wget-1.25.0"
        }
      }
    }
  }
}
