{
  "lockfile_version": "1",
  "packages": {
    "github:NixOS/nixpkgs/nixpkgs-unstable": {
      "last_modified": "2025-05-22T23:55:03Z",
      "resolved": "github:NixOS/nixpkgs/fe51d34885f7b5e3e7b59572796e1bcb427eccb1?lastModified=1747958103&narHash=sha256-qmmFCrfBwSHoWw7cVK4Aj%2Bfns%2Bc54EBP8cGqp%2FyK410%3D"
    },
    "go-task@latest": {
      "last_modified": "2025-05-16T20:19:48Z",
      "resolved": "github:NixOS/nixpkgs/12a55407652e04dcf2309436eb06fef0d3713ef3#go-task",
      "source": "devbox-search",
      "version": "3.43.3",
      "systems": {
        "aarch64-darwin": {
          "outputs": [
            {
              "name": "out",
              "path": "/nix/store/5h0ykqayf8kfxwqlawzxvm05hlq7n22c-go-task-3.43.3",
              "default": true
            }
          ],
          "store_path": "/nix/store/5h0ykqayf8kfxwqlawzxvm05hlq7n22c-go-task-3.43.3"
        },
        "aarch64-linux": {
          "outputs": [
            {
              "name": "out",
              "path": "/nix/store/xxl2rg7k3c95gk5s0kwj8p8055r4yldf-go-task-3.43.3",
              "default": true
            }
          ],
          "store_path": "/nix/store/xxl2rg7k3c95gk5s0kwj8p8055r4yldf-go-task-3.43.3"
        },
        "x86_64-darwin": {
          "outputs": [
            {
              "name": "out",
              "path": "/nix/store/4az7i4f6lm4ss77wnf8kklkr21hrfhns-go-task-3.43.3",
              "default": true
            }
          ],
          "store_path": "/nix/store/4az7i4f6lm4ss77wnf8kklkr21hrfhns-go-task-3.43.3"
        },
        "x86_64-linux": {
          "outputs": [
            {
              "name": "out",
              "path": "/nix/store/gjdgw1zhvl9hl7mmiw6ncpnpmpxlk2yb-go-task-3.43.3",
              "default": true
            }
          ],
          "store_path": "/nix/store/gjdgw1zhvl9hl7mmiw6ncpnpmpxlk2yb-go-task-3.43.3"
        }
      }
    },
    "meson@latest": {
      "last_modified": "2025-05-16T20:19:48Z",
      "resolved": "github:NixOS/nixpkgs/12a55407652e04dcf2309436eb06fef0d3713ef3#meson",
      "source": "devbox-search",
      "version": "1.7.2",
      "systems": {
        "aarch64-darwin": {
          "outputs": [
            {
              "name": "out",
              "path": "/nix/store/5c7aacwalmwhq729byng6nlycva8qnsf-meson-1.7.2",
              "default": true
            },
            {
              "name": "dist",
              "path": "/nix/store/6s9ymam2bqr4sydr77d3gnwipqqsnxy3-meson-1.7.2-dist"
            }
          ],
          "store_path": "/nix/store/5c7aacwalmwhq729byng6nlycva8qnsf-meson-1.7.2"
        },
        "aarch64-linux": {
          "outputs": [
            {
              "name": "out",
              "path": "/nix/store/gjp2gnvaz55r2mvwiprgl85fj95v8i8d-meson-1.7.2",
              "default": true
            },
            {
              "name": "dist",
              "path": "/nix/store/01drji8igia9d06r3740xhx28m9qa7l2-meson-1.7.2-dist"
            }
          ],
          "store_path": "/nix/store/gjp2gnvaz55r2mvwiprgl85fj95v8i8d-meson-1.7.2"
        },
        "x86_64-darwin": {
          "outputs": [
            {
              "name": "out",
              "path": "/nix/store/inkdis5fdj4brdvblqnbs0i2rm2gg7sj-meson-1.7.2",
              "default": true
            },
            {
              "name": "dist",
              "path": "/nix/store/b4ym7d92b4ysvgcv7fragb5drj3ci7an-meson-1.7.2-dist"
            }
          ],
          "store_path": "/nix/store/inkdis5fdj4brdvblqnbs0i2rm2gg7sj-meson-1.7.2"
        },
        "x86_64-linux": {
          "outputs": [
            {
              "name": "out",
              "path": "/nix/store/alxsvzf5abak8n2faidfw51y45lhg5ly-meson-1.7.2",
              "default": true
            },
            {
              "name": "dist",
              "path": "/nix/store/p91bfrmzvr7798wky5bmm1q7rmkqm5pi-meson-1.7.2-dist"
            }
          ],
          "store_path": "/nix/store/alxsvzf5abak8n2faidfw51y45lhg5ly-meson-1.7.2"
        }
      }
    },
    "qt6.qtbase@latest": {
      "last_modified": "2024-02-24T23:06:34Z",
      "resolved": "github:NixOS/nixpkgs/9a9dae8f6319600fa9aebde37f340975cab4b8c0#qt6.qtbase",
      "source": "devbox-search",
      "version": "6.6.2",
      "systems": {
        "aarch64-darwin": {
          "outputs": [
            {
              "name": "out",
              "path": "/nix/store/wpgysmilc7xgakq3l5zbbh34f9gvzql6-qtbase-6.6.2",
              "default": true
            },
            {
              "name": "dev",
              "path": "/nix/store/al37qcldvng3a2847kl6k6j8f643sniv-qtbase-6.6.2-dev"
            }
          ],
          "store_path": "/nix/store/wpgysmilc7xgakq3l5zbbh34f9gvzql6-qtbase-6.6.2"
        },
        "aarch64-linux": {
          "outputs": [
            {
              "name": "out",
              "path": "/nix/store/ss9ykyb7fn0d55kks4aimwiqw3c3sd39-qtbase-6.6.2",
              "default": true
            },
            {
              "name": "dev",
              "path": "/nix/store/s5qsv8jczmr955kbgv5mg1jrw0qrhal8-qtbase-6.6.2-dev"
            }
          ],
          "store_path": "/nix/store/ss9ykyb7fn0d55kks4aimwiqw3c3sd39-qtbase-6.6.2"
        },
        "x86_64-darwin": {
          "outputs": [
            {
              "name": "out",
              "path": "/nix/store/v3liks1s0ncgz73zi560w01za6j24d6f-qtbase-6.6.2",
              "default": true
            },
            {
              "name": "dev",
              "path": "/nix/store/0bkkydzks87z8jg3gxa9amr2s4zpsccg-qtbase-6.6.2-dev"
            }
          ],
          "store_path": "/nix/store/v3liks1s0ncgz73zi560w01za6j24d6f-qtbase-6.6.2"
        },
        "x86_64-linux": {
          "outputs": [
            {
              "name": "out",
              "path": "/nix/store/gj1wwz0ry8i36kqqb3vjc8dwd50fcs5y-qtbase-6.6.2",
              "default": true
            },
            {
              "name": "dev",
              "path": "/nix/store/s2aq4zfi71bs4w4snfrknj2crpm8cfkr-qtbase-6.6.2-dev"
            }
          ],
          "store_path": "/nix/store/gj1wwz0ry8i36kqqb3vjc8dwd50fcs5y-qtbase-6.6.2"
        }
      }
    },
    "unzip@latest": {
      "last_modified": "2025-05-16T20:19:48Z",
      "resolved": "github:NixOS/nixpkgs/12a55407652e04dcf2309436eb06fef0d3713ef3#unzip",
      "source": "devbox-search",
      "version": "6.0",
      "systems": {
        "aarch64-darwin": {
          "outputs": [
            {
              "name": "out",
              "path": "/nix/store/4m6gidk6njyymnmnmmf2avbiv353w3ha-unzip-6.0",
              "default": true
            }
          ],
          "store_path": "/nix/store/4m6gidk6njyymnmnmmf2avbiv353w3ha-unzip-6.0"
        },
        "aarch64-linux": {
          "outputs": [
            {
              "name": "out",
              "path": "/nix/store/ihn5b43g4b56wi3f45gxdj3bwwlagdyr-unzip-6.0",
              "default": true
            }
          ],
          "store_path": "/nix/store/ihn5b43g4b56wi3f45gxdj3bwwlagdyr-unzip-6.0"
        },
        "x86_64-darwin": {
          "outputs": [
            {
              "name": "out",
              "path": "/nix/store/dgxx5s0ck43in8j6v2532h705cwpvmbk-unzip-6.0",
              "default": true
            }
          ],
          "store_path": "/nix/store/dgxx5s0ck43in8j6v2532h705cwpvmbk-unzip-6.0"
        },
        "x86_64-linux": {
          "outputs": [
            {
              "name": "out",
              "path": "/nix/store/18fldq25vyxpp0j3ss39qa3m2vzcvx1q-unzip-6.0",
              "default": true
            }
          ],
          "store_path": "/nix/store/18fldq25vyxpp0j3ss39qa3m2vzcvx1q-unzip-6.0"
        }
      }
    },
    "uv@latest": {
      "last_modified": "2025-05-20T08:00:33Z",
      "resolved": "github:NixOS/nixpkgs/2f9173bde1d3fbf1ad26ff6d52f952f9e9da52ea#uv",
      "source": "devbox-search",
      "version": "0.7.6",
      "systems": {
        "aarch64-darwin": {
          "outputs": [
            {
              "name": "out",
              "path": "/nix/store/ld22lal9a6498g22j84sb6jzydlrablf-uv-0.7.6",
              "default": true
            }
          ],
          "store_path": "/nix/store/ld22lal9a6498g22j84sb6jzydlrablf-uv-0.7.6"
        },
        "aarch64-linux": {
          "outputs": [
            {
              "name": "out",
              "path": "/nix/store/23a4i8ryfl5lnckrajif7d5gaaq90l3x-uv-0.7.6",
              "default": true
            }
          ],
          "store_path": "/nix/store/23a4i8ryfl5lnckrajif7d5gaaq90l3x-uv-0.7.6"
        },
        "x86_64-darwin": {
          "outputs": [
            {
              "name": "out",
              "path": "/nix/store/8niy70xbnr66bwwc826r4z1h6jlrp6ry-uv-0.7.6",
              "default": true
            }
          ],
          "store_path": "/nix/store/8niy70xbnr66bwwc826r4z1h6jlrp6ry-uv-0.7.6"
        },
        "x86_64-linux": {
          "outputs": [
            {
              "name": "out",
              "path": "/nix/store/zh7c411m600dxh8y2mbmzcpaszr8rgb3-uv-0.7.6",
              "default": true
            }
          ],
          "store_path": "/nix/store/zh7c411m600dxh8y2mbmzcpaszr8rgb3-uv-0.7.6"
        }
      }
    },
    "vcstool@latest": {
      "last_modified": "2025-05-21T01:27:34Z",
      "resolved": "github:NixOS/nixpkgs/f0d925b947cca0bbe7f2d25115cbaf021844aba7#vcstool",
      "source": "devbox-search",
      "version": "0.3.0",
      "systems": {
        "aarch64-darwin": {
          "outputs": [
            {
              "name": "out",
              "path": "/nix/store/cnanxxzn6r6ciznq79gdcm0f230wwd0q-vcstool-0.3.0",
              "default": true
            },
            {
              "name": "dist",
              "path": "/nix/store/c92m3hbn56ki83z7csfp2xqb87hvm5xr-vcstool-0.3.0-dist"
            }
          ],
          "store_path": "/nix/store/cnanxxzn6r6ciznq79gdcm0f230wwd0q-vcstool-0.3.0"
        },
        "aarch64-linux": {
          "outputs": [
            {
              "name": "out",
              "path": "/nix/store/c2w7np32d0ll2yvw3mbca7prgblp9r4l-vcstool-0.3.0",
              "default": true
            },
            {
              "name": "dist",
              "path": "/nix/store/1nwf7nqs198ss2bc29qdsh3hcj3b0s7s-vcstool-0.3.0-dist"
            }
          ],
          "store_path": "/nix/store/c2w7np32d0ll2yvw3mbca7prgblp9r4l-vcstool-0.3.0"
        },
        "x86_64-darwin": {
          "outputs": [
            {
              "name": "out",
              "path": "/nix/store/lcj216i8vv8am28ap5apmhssz64pmp6c-vcstool-0.3.0",
              "default": true
            },
            {
              "name": "dist",
              "path": "/nix/store/fcwzq0by5b74jfrjm8lsaywzc7lhlcg8-vcstool-0.3.0-dist"
            }
          ],
          "store_path": "/nix/store/lcj216i8vv8am28ap5apmhssz64pmp6c-vcstool-0.3.0"
        },
        "x86_64-linux": {
          "outputs": [
            {
              "name": "out",
              "path": "/nix/store/kdv2isncfjhw87c2q8pnimibgk7gyl9k-vcstool-0.3.0",
              "default": true
            },
            {
              "name": "dist",
              "path": "/nix/store/1rdq2k1bl6sf203l51i359wafh61apkm-vcstool-0.3.0-dist"
            }
          ],
          "store_path": "/nix/store/kdv2isncfjhw87c2q8pnimibgk7gyl9k-vcstool-0.3.0"
        }
      }
    },
    "wget@latest": {
      "last_modified": "2025-05-16T20:19:48Z",
      "resolved": "github:NixOS/nixpkgs/12a55407652e04dcf2309436eb06fef0d3713ef3#wget",
      "source": "devbox-search",
      "version": "1.25.0",
      "systems": {
        "aarch64-darwin": {
          "outputs": [
            {
              "name": "out",
              "path": "/nix/store/r661sv27f43kg6986n0zjm2yq0vb4rnw-wget-1.25.0",
              "default": true
            }
          ],
          "store_path": "/nix/store/r661sv27f43kg6986n0zjm2yq0vb4rnw-wget-1.25.0"
        },
        "aarch64-linux": {
          "outputs": [
            {
              "name": "out",
              "path": "/nix/store/q3lkzf0znhllagybrf63q2qfdzrz2s2c-wget-1.25.0",
              "default": true
            }
          ],
          "store_path": "/nix/store/q3lkzf0znhllagybrf63q2qfdzrz2s2c-wget-1.25.0"
        },
        "x86_64-darwin": {
          "outputs": [
            {
              "name": "out",
              "path": "/nix/store/vi8028rmawlzww76dc9k1fx8iyvk3nhb-wget-1.25.0",
              "default": true
            }
          ],
          "store_path": "/nix/store/vi8028rmawlzww76dc9k1fx8iyvk3nhb-wget-1.25.0"
        },
        "x86_64-linux": {
          "outputs": [
            {
              "name": "out",
              "path": "/nix/store/2050009wgldpv3lxld3acz5pr6cr7x53-wget-1.25.0",
              "default": true
            }
          ],
          "store_path": "/nix/store/2050009wgldpv3lxld3acz5pr6cr7x53-wget-1.25.0"
        }
      }
    }
  }
}
